
Microsoft Visual Studio Solution File, Format Version 12.00
# Visual Studio 14
VisualStudioVersion = 14.0.25420.1
MinimumVisualStudioVersion = 10.0.40219.1
Project("{FAE04EC0-301F-11D3-BF4B-00C04F79EFBC}") = "Agency1", "Agency1\Agency1.csproj", "{390B9170-4ECA-4B3F-A9B5-38FD199A3870}"
EndProject
Project("{FAE04EC0-301F-11D3-BF4B-00C04F79EFBC}") = "Agency1.DataLayer", "Agency1.DataLayer\Agency1.DataLayer.csproj", "{9FB4D6A0-C1ED-4442-AEF5-2F212C5DB9DB}"
EndProject
Project("{FAE04EC0-301F-11D3-BF4B-00C04F79EFBC}") = "Agency1.BusinessLayer", "Agency1.BusinessLayer\Agency1.BusinessLayer.csproj", "{63BDB27B-2DE8-4174-A93E-B214E990A0FB}"
EndProject
Global
	GlobalSection(SolutionConfigurationPlatforms) = preSolution
		Debug|Any CPU = Debug|Any CPU
		Release|Any CPU = Release|Any CPU
	EndGlobalSection
	GlobalSection(ProjectConfigurationPlatforms) = postSolution
		{390B9170-4ECA-4B3F-A9B5-38FD199A3870}.Debug|Any CPU.ActiveCfg = Debug|Any CPU
		{390B9170-4ECA-4B3F-A9B5-38FD199A3870}.Debug|Any CPU.Build.0 = Debug|Any CPU
		{390B9170-4ECA-4B3F-A9B5-38FD199A3870}.Release|Any CPU.ActiveCfg = Release|Any CPU
		{390B9170-4ECA-4B3F-A9B5-38FD199A3870}.Release|Any CPU.Build.0 = Release|Any CPU
		{9FB4D6A0-C1ED-4442-AEF5-2F212C5DB9DB}.Debug|Any CPU.ActiveCfg = Debug|Any CPU
		{9FB4D6A0-C1ED-4442-AEF5-2F212C5DB9DB}.Debug|Any CPU.Build.0 = Debug|Any CPU
		{9FB4D6A0-C1ED-4442-AEF5-2F212C5DB9DB}.Release|Any CPU.ActiveCfg = Release|Any CPU
		{9FB4D6A0-C1ED-4442-AEF5-2F212C5DB9DB}.Release|Any CPU.Build.0 = Release|Any CPU
		{63BDB27B-2DE8-4174-A93E-B214E990A0FB}.Debug|Any CPU.ActiveCfg = Debug|Any CPU
		{63BDB27B-2DE8-4174-A93E-B214E990A0FB}.Debug|Any CPU.Build.0 = Debug|Any CPU
		{63BDB27B-2DE8-4174-A93E-B214E990A0FB}.Release|Any CPU.ActiveCfg = Release|Any CPU
		{63BDB27B-2DE8-4174-A93E-B214E990A0FB}.Release|Any CPU.Build.0 = Release|Any CPU
	EndGlobalSection
	GlobalSection(SolutionProperties) = preSolution
		HideSolutionNode = FALSE
	EndGlobalSection
EndGlobal
